
Microsoft Visual Studio Solution File, Format Version 12.00
# Visual Studio Version 17
VisualStudioVersion = 17.9.34728.123
MinimumVisualStudioVersion = 10.0.40219.1
Project("{FAE04EC0-301F-11D3-BF4B-00C04F79EFBC}") = "ConsoleApp1", "ConsoleApp1.csproj", "{202D597A-3404-463D-AFFE-63B796875936}"
EndProject
Global
	GlobalSection(SolutionConfigurationPlatforms) = preSolution
		Debug|Any CPU = Debug|Any CPU
		Release|Any CPU = Release|Any CPU
	EndGlobalSection
	GlobalSection(ProjectConfigurationPlatforms) = postSolution
		{202D597A-3404-463D-AFFE-63B796875936}.Debug|Any CPU.ActiveCfg = Debug|Any CPU
		{202D597A-3404-463D-AFFE-63B796875936}.Debug|Any CPU.Build.0 = Debug|Any CPU
		{202D597A-3404-463D-AFFE-63B796875936}.Release|Any CPU.ActiveCfg = Release|Any CPU
		{202D597A-3404-463D-AFFE-63B796875936}.Release|Any CPU.Build.0 = Release|Any CPU
	EndGlobalSection
	GlobalSection(SolutionProperties) = preSolution
		HideSolutionNode = FALSE
	EndGlobalSection
	GlobalSection(ExtensibilityGlobals) = postSolution
		SolutionGuid = {A1AD18BE-59DB-4DB8-8C46-62ED206AAC3A}
	EndGlobalSection
EndGlobal
